
Microsoft Visual Studio Solution File, Format Version 12.00
# Visual Studio Version 16
VisualStudioVersion = 16.0.30611.23
MinimumVisualStudioVersion = 10.0.40219.1
Project("{FAE04EC0-301F-11D3-BF4B-00C04F79EFBC}") = "TeklaMedabilAPIs", "TeklaAPI\TeklaMedabilAPIs.csproj", "{47FC27E9-AA92-4254-8E3F-410A9BF8A796}"
EndProject
Project("{FAE04EC0-301F-11D3-BF4B-00C04F79EFBC}") = "DLMTekla", "DLMTekla\DLMTekla.csproj", "{58448F6F-E999-4744-90D0-CCDE5C8E7EA1}"
EndProject
Global
	GlobalSection(SolutionConfigurationPlatforms) = preSolution
		Debug|Any CPU = Debug|Any CPU
		Release|Any CPU = Release|Any CPU
	EndGlobalSection
	GlobalSection(ProjectConfigurationPlatforms) = postSolution
		{47FC27E9-AA92-4254-8E3F-410A9BF8A796}.Debug|Any CPU.ActiveCfg = Debug|Any CPU
		{47FC27E9-AA92-4254-8E3F-410A9BF8A796}.Debug|Any CPU.Build.0 = Debug|Any CPU
		{47FC27E9-AA92-4254-8E3F-410A9BF8A796}.Release|Any CPU.ActiveCfg = Release|Any CPU
		{47FC27E9-AA92-4254-8E3F-410A9BF8A796}.Release|Any CPU.Build.0 = Release|Any CPU
		{58448F6F-E999-4744-90D0-CCDE5C8E7EA1}.Debug|Any CPU.ActiveCfg = Debug|Any CPU
		{58448F6F-E999-4744-90D0-CCDE5C8E7EA1}.Debug|Any CPU.Build.0 = Debug|Any CPU
		{58448F6F-E999-4744-90D0-CCDE5C8E7EA1}.Release|Any CPU.ActiveCfg = Release|Any CPU
		{58448F6F-E999-4744-90D0-CCDE5C8E7EA1}.Release|Any CPU.Build.0 = Release|Any CPU
	EndGlobalSection
	GlobalSection(SolutionProperties) = preSolution
		HideSolutionNode = FALSE
	EndGlobalSection
	GlobalSection(ExtensibilityGlobals) = postSolution
		SolutionGuid = {AD5A4174-56F8-404C-ADDB-52C1180A1121}
	EndGlobalSection
EndGlobal
